{
  "name": "open-google-translator",
  "version": "1.0.1",
  "lockfileVersion": 3,
  "requires": true,
  "packages": {
    "": {
      "name": "open-google-translator",
      "version": "1.0.1",
      "license": "ISC",
      "dependencies": {
        "open-google-translator": "^1.0.1"
      }
    },
    "node_modules/open-google-translator": {
      "version": "1.0.1",
      "resolved": "https://registry.npmjs.org/open-google-translator/-/open-google-translator-1.0.1.tgz",
      "integrity": "sha512-gM2bqW+GCW+JVP6Zm+ZMF8QgeKFeokUMKU51J/x42qb+EZ36Z3DbIkJm5UGLho99Xw1p+g3xUiKd+XJxFNtvKg==",
      "dependencies": {
        "open-google-translator": "^1.0.1"
      }
    }
  }
}
